
Microsoft Visual Studio Solution File, Format Version 12.00
# Visual Studio Version 17
VisualStudioVersion = 17.4.33205.214
MinimumVisualStudioVersion = 10.0.40219.1
Project("{9A19103F-16F7-4668-BE54-9A1E7A4F7556}") = "DebugPlugin", "DebugPlugin\DebugPlugin.csproj", "{4955FA8B-518F-4FDE-99C0-6419FB6D0C7C}"
EndProject
Project("{9A19103F-16F7-4668-BE54-9A1E7A4F7556}") = "SettingsPlus", "SettingsPlus\SettingsPlus.csproj", "{9A398D6C-382D-4BEB-A562-1E2C84C11283}"
EndProject
Project("{9A19103F-16F7-4668-BE54-9A1E7A4F7556}") = "Infomania", "Infomania\Infomania.csproj", "{F66C2FE0-C298-4423-9B22-FB265AF398D5}"
EndProject
Project("{9A19103F-16F7-4668-BE54-9A1E7A4F7556}") = "MicroMacros", "MicroMacros\MicroMacros.csproj", "{43FED5A2-A39A-493D-9AC2-12BFA37DF48C}"
EndProject
Project("{9A19103F-16F7-4668-BE54-9A1E7A4F7556}") = "RichPresence", "RichPresence\RichPresence.csproj", "{2AB6C9A1-9A70-45D2-822C-56B3D6B53D50}"
EndProject
Project("{9A19103F-16F7-4668-BE54-9A1E7A4F7556}") = "Automaton", "Automaton\Automaton.csproj", "{1BFC5459-4350-4D53-9DA0-C499E9674326}"
EndProject
Project("{FAE04EC0-301F-11D3-BF4B-00C04F79EFBC}") = "AccountSwap", "AccountSwap\AccountSwap.csproj", "{E2C1E5AB-6280-419C-ADA6-E74AD3D2C5F8}"
EndProject
Global
	GlobalSection(SolutionConfigurationPlatforms) = preSolution
		Debug|Any CPU = Debug|Any CPU
		Release|Any CPU = Release|Any CPU
	EndGlobalSection
	GlobalSection(ProjectConfigurationPlatforms) = postSolution
		{4955FA8B-518F-4FDE-99C0-6419FB6D0C7C}.Debug|Any CPU.ActiveCfg = Debug|Any CPU
		{4955FA8B-518F-4FDE-99C0-6419FB6D0C7C}.Debug|Any CPU.Build.0 = Debug|Any CPU
		{4955FA8B-518F-4FDE-99C0-6419FB6D0C7C}.Release|Any CPU.ActiveCfg = Release|Any CPU
		{4955FA8B-518F-4FDE-99C0-6419FB6D0C7C}.Release|Any CPU.Build.0 = Release|Any CPU
		{9A398D6C-382D-4BEB-A562-1E2C84C11283}.Debug|Any CPU.ActiveCfg = Debug|Any CPU
		{9A398D6C-382D-4BEB-A562-1E2C84C11283}.Debug|Any CPU.Build.0 = Debug|Any CPU
		{9A398D6C-382D-4BEB-A562-1E2C84C11283}.Release|Any CPU.ActiveCfg = Release|Any CPU
		{9A398D6C-382D-4BEB-A562-1E2C84C11283}.Release|Any CPU.Build.0 = Release|Any CPU
		{F66C2FE0-C298-4423-9B22-FB265AF398D5}.Debug|Any CPU.ActiveCfg = Debug|Any CPU
		{F66C2FE0-C298-4423-9B22-FB265AF398D5}.Debug|Any CPU.Build.0 = Debug|Any CPU
		{F66C2FE0-C298-4423-9B22-FB265AF398D5}.Release|Any CPU.ActiveCfg = Release|Any CPU
		{F66C2FE0-C298-4423-9B22-FB265AF398D5}.Release|Any CPU.Build.0 = Release|Any CPU
		{43FED5A2-A39A-493D-9AC2-12BFA37DF48C}.Debug|Any CPU.ActiveCfg = Debug|Any CPU
		{43FED5A2-A39A-493D-9AC2-12BFA37DF48C}.Debug|Any CPU.Build.0 = Debug|Any CPU
		{43FED5A2-A39A-493D-9AC2-12BFA37DF48C}.Release|Any CPU.ActiveCfg = Release|Any CPU
		{43FED5A2-A39A-493D-9AC2-12BFA37DF48C}.Release|Any CPU.Build.0 = Release|Any CPU
		{2AB6C9A1-9A70-45D2-822C-56B3D6B53D50}.Debug|Any CPU.ActiveCfg = Debug|Any CPU
		{2AB6C9A1-9A70-45D2-822C-56B3D6B53D50}.Debug|Any CPU.Build.0 = Debug|Any CPU
		{2AB6C9A1-9A70-45D2-822C-56B3D6B53D50}.Release|Any CPU.ActiveCfg = Release|Any CPU
		{2AB6C9A1-9A70-45D2-822C-56B3D6B53D50}.Release|Any CPU.Build.0 = Release|Any CPU
		{1BFC5459-4350-4D53-9DA0-C499E9674326}.Debug|Any CPU.ActiveCfg = Debug|Any CPU
		{1BFC5459-4350-4D53-9DA0-C499E9674326}.Debug|Any CPU.Build.0 = Debug|Any CPU
		{1BFC5459-4350-4D53-9DA0-C499E9674326}.Release|Any CPU.ActiveCfg = Release|Any CPU
		{1BFC5459-4350-4D53-9DA0-C499E9674326}.Release|Any CPU.Build.0 = Release|Any CPU
		{E2C1E5AB-6280-419C-ADA6-E74AD3D2C5F8}.Debug|Any CPU.ActiveCfg = Debug|Any CPU
		{E2C1E5AB-6280-419C-ADA6-E74AD3D2C5F8}.Debug|Any CPU.Build.0 = Debug|Any CPU
		{E2C1E5AB-6280-419C-ADA6-E74AD3D2C5F8}.Release|Any CPU.ActiveCfg = Release|Any CPU
		{E2C1E5AB-6280-419C-ADA6-E74AD3D2C5F8}.Release|Any CPU.Build.0 = Release|Any CPU
	EndGlobalSection
	GlobalSection(SolutionProperties) = preSolution
		HideSolutionNode = FALSE
	EndGlobalSection
	GlobalSection(ExtensibilityGlobals) = postSolution
		SolutionGuid = {DB6F1E34-B6A9-44C9-9353-FA16F0AAAE03}
	EndGlobalSection
EndGlobal
